# This file is generated by running "yarn install" inside your project.
# Manual changes might be lost - proceed with caution!

__metadata:
  version: 5
  cacheKey: 8

"@multicache/disk@workspace:^, @multicache/disk@workspace:packages/disk":
  version: 0.0.0-use.local
  resolution: "@multicache/disk@workspace:packages/disk"
  dependencies:
    "@multicache/types": "workspace:^"
    "@types/node": ^16.11.7
    short-hash: ^1.0.0
    typescript: ^4.4.4
  languageName: unknown
  linkType: soft

"@multicache/mem@workspace:^, @multicache/mem@workspace:packages/mem":
  version: 0.0.0-use.local
  resolution: "@multicache/mem@workspace:packages/mem"
  dependencies:
    "@multicache/types": "workspace:^"
    "@types/node": ^16.11.7
    typescript: ^4.4.4
  languageName: unknown
  linkType: soft

"@multicache/types@workspace:^, @multicache/types@workspace:packages/z_sharedTypes":
  version: 0.0.0-use.local
  resolution: "@multicache/types@workspace:packages/z_sharedTypes"
  languageName: unknown
  linkType: soft

"@multicache/utils@workspace:^, @multicache/utils@workspace:packages/utils":
  version: 0.0.0-use.local
  resolution: "@multicache/utils@workspace:packages/utils"
  dependencies:
    "@multicache/types": "workspace:^"
    "@types/node": ^16.11.7
    short-hash: ^1.0.0
    typescript: ^4.4.4
  languageName: unknown
  linkType: soft

"@types/node@npm:^16.11.7":
  version: 16.11.7
  resolution: "@types/node@npm:16.11.7"
  checksum: 2706403e6efc4aa40fdce8f0b5d9884d5600c3c8610aedc7fa5e7e298d30366f7e8b7296028d52898dca3edef4c3e827b03bf20952c4780f13fa4e79864f7a86
  languageName: node
  linkType: hard

"@yarnpkg/esbuild-plugin-pnp@npm:^2.0.0":
  version: 2.0.0
  resolution: "@yarnpkg/esbuild-plugin-pnp@npm:2.0.0"
  dependencies:
    tslib: ^1.13.0
  peerDependencies:
    esbuild: ">=0.10.0"
  checksum: 7b98034f4c0931aa15e9cb2c77c5c485d89df3af31f1ea8223411f8880a2fbe88377d9f71ff45c04aecbcc8b2b47e167991a0f948dc2ec1f4a6ee026fea1fe9d
  languageName: node
  linkType: hard

"esbuild-android-arm64@npm:0.13.14":
  version: 0.13.14
  resolution: "esbuild-android-arm64@npm:0.13.14"
  conditions: os=android & cpu=arm64
  languageName: node
  linkType: hard

"esbuild-darwin-64@npm:0.13.14":
  version: 0.13.14
  resolution: "esbuild-darwin-64@npm:0.13.14"
  conditions: os=darwin & cpu=x64
  languageName: node
  linkType: hard

"esbuild-darwin-arm64@npm:0.13.14":
  version: 0.13.14
  resolution: "esbuild-darwin-arm64@npm:0.13.14"
  conditions: os=darwin & cpu=arm64
  languageName: node
  linkType: hard

"esbuild-freebsd-64@npm:0.13.14":
  version: 0.13.14
  resolution: "esbuild-freebsd-64@npm:0.13.14"
  conditions: os=freebsd & cpu=x64
  languageName: node
  linkType: hard

"esbuild-freebsd-arm64@npm:0.13.14":
  version: 0.13.14
  resolution: "esbuild-freebsd-arm64@npm:0.13.14"
  conditions: os=freebsd & cpu=arm64
  languageName: node
  linkType: hard

"esbuild-linux-32@npm:0.13.14":
  version: 0.13.14
  resolution: "esbuild-linux-32@npm:0.13.14"
  conditions: os=linux & cpu=ia32
  languageName: node
  linkType: hard

"esbuild-linux-64@npm:0.13.14":
  version: 0.13.14
  resolution: "esbuild-linux-64@npm:0.13.14"
  conditions: os=linux & cpu=x64
  languageName: node
  linkType: hard

"esbuild-linux-arm64@npm:0.13.14":
  version: 0.13.14
  resolution: "esbuild-linux-arm64@npm:0.13.14"
  conditions: os=linux & cpu=arm64
  languageName: node
  linkType: hard

"esbuild-linux-arm@npm:0.13.14":
  version: 0.13.14
  resolution: "esbuild-linux-arm@npm:0.13.14"
  conditions: os=linux & cpu=arm
  languageName: node
  linkType: hard

"esbuild-linux-mips64le@npm:0.13.14":
  version: 0.13.14
  resolution: "esbuild-linux-mips64le@npm:0.13.14"
  conditions: os=linux & cpu=mips64el
  languageName: node
  linkType: hard

"esbuild-linux-ppc64le@npm:0.13.14":
  version: 0.13.14
  resolution: "esbuild-linux-ppc64le@npm:0.13.14"
  conditions: os=linux & cpu=ppc64
  languageName: node
  linkType: hard

"esbuild-netbsd-64@npm:0.13.14":
  version: 0.13.14
  resolution: "esbuild-netbsd-64@npm:0.13.14"
  conditions: os=netbsd & cpu=x64
  languageName: node
  linkType: hard

"esbuild-openbsd-64@npm:0.13.14":
  version: 0.13.14
  resolution: "esbuild-openbsd-64@npm:0.13.14"
  conditions: os=openbsd & cpu=x64
  languageName: node
  linkType: hard

"esbuild-sunos-64@npm:0.13.14":
  version: 0.13.14
  resolution: "esbuild-sunos-64@npm:0.13.14"
  conditions: os=sunos & cpu=x64
  languageName: node
  linkType: hard

"esbuild-windows-32@npm:0.13.14":
  version: 0.13.14
  resolution: "esbuild-windows-32@npm:0.13.14"
  conditions: os=win32 & cpu=ia32
  languageName: node
  linkType: hard

"esbuild-windows-64@npm:0.13.14":
  version: 0.13.14
  resolution: "esbuild-windows-64@npm:0.13.14"
  conditions: os=win32 & cpu=x64
  languageName: node
  linkType: hard

"esbuild-windows-arm64@npm:0.13.14":
  version: 0.13.14
  resolution: "esbuild-windows-arm64@npm:0.13.14"
  conditions: os=win32 & cpu=arm64
  languageName: node
  linkType: hard

"esbuild@npm:^0.13.14":
  version: 0.13.14
  resolution: "esbuild@npm:0.13.14"
  dependencies:
    esbuild-android-arm64: 0.13.14
    esbuild-darwin-64: 0.13.14
    esbuild-darwin-arm64: 0.13.14
    esbuild-freebsd-64: 0.13.14
    esbuild-freebsd-arm64: 0.13.14
    esbuild-linux-32: 0.13.14
    esbuild-linux-64: 0.13.14
    esbuild-linux-arm: 0.13.14
    esbuild-linux-arm64: 0.13.14
    esbuild-linux-mips64le: 0.13.14
    esbuild-linux-ppc64le: 0.13.14
    esbuild-netbsd-64: 0.13.14
    esbuild-openbsd-64: 0.13.14
    esbuild-sunos-64: 0.13.14
    esbuild-windows-32: 0.13.14
    esbuild-windows-64: 0.13.14
    esbuild-windows-arm64: 0.13.14
  dependenciesMeta:
    esbuild-android-arm64:
      optional: true
    esbuild-darwin-64:
      optional: true
    esbuild-darwin-arm64:
      optional: true
    esbuild-freebsd-64:
      optional: true
    esbuild-freebsd-arm64:
      optional: true
    esbuild-linux-32:
      optional: true
    esbuild-linux-64:
      optional: true
    esbuild-linux-arm:
      optional: true
    esbuild-linux-arm64:
      optional: true
    esbuild-linux-mips64le:
      optional: true
    esbuild-linux-ppc64le:
      optional: true
    esbuild-netbsd-64:
      optional: true
    esbuild-openbsd-64:
      optional: true
    esbuild-sunos-64:
      optional: true
    esbuild-windows-32:
      optional: true
    esbuild-windows-64:
      optional: true
    esbuild-windows-arm64:
      optional: true
  bin:
    esbuild: bin/esbuild
  checksum: 8277ea74d04919cfa0c63bb181baa0142737f1e2a40ba80e6f45ebbe72df9d2b42f3f0f374789f1b5aa3d71ebc3e136c3d80946661edb09e4ed782d61cb389dc
  languageName: node
  linkType: hard

"hash-string@npm:^1.0.0":
  version: 1.0.0
  resolution: "hash-string@npm:1.0.0"
  checksum: 6e66df274dec2509a01aa7356ed729437c6596584db9b68d3b863c708368a4da5bb24b0c58f169f1b7e3a0e81a48ade6636776681097fdb3e5206f9752b73026
  languageName: node
  linkType: hard

"multicache@workspace:packages/multicache":
  version: 0.0.0-use.local
  resolution: "multicache@workspace:packages/multicache"
  dependencies:
    "@multicache/disk": "workspace:^"
    "@multicache/mem": "workspace:^"
    "@multicache/types": "workspace:^"
    "@multicache/utils": "workspace:^"
    "@types/node": ^16.11.7
    "@yarnpkg/esbuild-plugin-pnp": ^2.0.0
    esbuild: ^0.13.14
    short-hash: ^1.0.0
    typescript: ^4.4.4
  languageName: unknown
  linkType: soft

"root-workspace-0b6124@workspace:.":
  version: 0.0.0-use.local
  resolution: "root-workspace-0b6124@workspace:."
  dependencies:
    typescript: ^4.4.4
  languageName: unknown
  linkType: soft

"short-hash@npm:^1.0.0":
  version: 1.0.0
  resolution: "short-hash@npm:1.0.0"
  dependencies:
    hash-string: ^1.0.0
  checksum: 383b9eaa3102262b34b9eff7cf1d0851d79da053930b6bf56843d5c49043a2c26248efa6ae42b83e4de14929d39b595e9091bab43845188fde5139ccdd4f65ca
  languageName: node
  linkType: hard

"tslib@npm:^1.13.0":
  version: 1.14.1
  resolution: "tslib@npm:1.14.1"
  checksum: dbe628ef87f66691d5d2959b3e41b9ca0045c3ee3c7c7b906cc1e328b39f199bb1ad9e671c39025bd56122ac57dfbf7385a94843b1cc07c60a4db74795829acd
  languageName: node
  linkType: hard

"typescript@npm:^4.4.4":
  version: 4.4.4
  resolution: "typescript@npm:4.4.4"
  bin:
    tsc: bin/tsc
    tsserver: bin/tsserver
  checksum: 89ecb8436bb48ef5594d49289f5f89103071716b6e4844278f4fb3362856e31203e187a9c76d205c3f0b674d221a058fd28310dbcbcf5d95e9a57229bb5203f1
  languageName: node
  linkType: hard

"typescript@patch:typescript@^4.4.4#~builtin<compat/typescript>":
  version: 4.4.4
  resolution: "typescript@patch:typescript@npm%3A4.4.4#~builtin<compat/typescript>::version=4.4.4&hash=ddd1e8"
  bin:
    tsc: bin/tsc
    tsserver: bin/tsserver
  checksum: bd629ad0da4a15d79aaad56baf3ee7d96f6a181760d430ae77f8c5325df7bffd9edee57544a3970e3651e8b796fe03a5838a7eb39c6d46cc3866c0b23d36a0dd
  languageName: node
  linkType: hard
